
Microsoft Visual Studio Solution File, Format Version 12.00
# Visual Studio Version 16
VisualStudioVersion = 16.0.31605.320
MinimumVisualStudioVersion = 10.0.40219.1
Project("{FAE04EC0-301F-11D3-BF4B-00C04F79EFBC}") = "DocGenerator", "DocGenerator\DocGenerator.csproj", "{1C010D9E-6D81-48CF-8E7A-67D1F8CFFBB2}"
EndProject
Project("{FAE04EC0-301F-11D3-BF4B-00C04F79EFBC}") = "Math", "Math\Math.csproj", "{9CFB7FF4-0316-42C7-B795-575645C49D9B}"
EndProject
Global
	GlobalSection(SolutionConfigurationPlatforms) = preSolution
		Debug|Any CPU = Debug|Any CPU
		Release|Any CPU = Release|Any CPU
	EndGlobalSection
	GlobalSection(ProjectConfigurationPlatforms) = postSolution
		{1C010D9E-6D81-48CF-8E7A-67D1F8CFFBB2}.Debug|Any CPU.ActiveCfg = Debug|Any CPU
		{1C010D9E-6D81-48CF-8E7A-67D1F8CFFBB2}.Debug|Any CPU.Build.0 = Debug|Any CPU
		{1C010D9E-6D81-48CF-8E7A-67D1F8CFFBB2}.Release|Any CPU.ActiveCfg = Release|Any CPU
		{1C010D9E-6D81-48CF-8E7A-67D1F8CFFBB2}.Release|Any CPU.Build.0 = Release|Any CPU
		{9CFB7FF4-0316-42C7-B795-575645C49D9B}.Debug|Any CPU.ActiveCfg = Debug|Any CPU
		{9CFB7FF4-0316-42C7-B795-575645C49D9B}.Debug|Any CPU.Build.0 = Debug|Any CPU
		{9CFB7FF4-0316-42C7-B795-575645C49D9B}.Release|Any CPU.ActiveCfg = Release|Any CPU
		{9CFB7FF4-0316-42C7-B795-575645C49D9B}.Release|Any CPU.Build.0 = Release|Any CPU
	EndGlobalSection
	GlobalSection(SolutionProperties) = preSolution
		HideSolutionNode = FALSE
	EndGlobalSection
	GlobalSection(ExtensibilityGlobals) = postSolution
		SolutionGuid = {C3305ED6-A1C2-4B8F-9A77-DE816865E872}
	EndGlobalSection
EndGlobal
